PODS:
  - Bolts (1.9.0):
    - Bolts/AppLinks (= 1.9.0)
    - Bolts/Tasks (= 1.9.0)
  - Bolts/AppLinks (1.9.0):
    - Bolts/Tasks
  - Bolts/Tasks (1.9.0)
  - BVLinearGradient (2.4.0):
    - React
  - FBSDKCoreKit (4.33.0):
    - Bolts (~> 1.7)
  - FBSDKLoginKit (4.33.0):
    - FBSDKCoreKit
  - FBSDKShareKit (4.33.0):
    - FBSDKCoreKit (~> 4.33.0)
  - JCoreRN (1.2.11):
    - React
  - JPushRN (2.2.13):
    - React
  - lottie-ios (2.5.0)
  - lottie-react-native (2.5.10):
    - lottie-ios
    - React
  - React (0.52.2):
    - React/Core (= 0.52.2)
  - react-native-splash-screen (3.0.9):
    - React
  - React/ART (0.52.2):
    - React/Core
  - React/BatchedBridge (0.52.2):
    - React/Core
    - React/cxxreact_legacy
  - React/Core (0.52.2):
    - yoga (= 0.52.2.React)
  - React/cxxreact_legacy (0.52.2):
    - React/jschelpers_legacy
    - React/jsinspector_legacy
  - React/DevSupport (0.52.2):
    - React/Core
    - React/RCTWebSocket
  - React/fishhook (0.52.2)
  - React/jschelpers_legacy (0.52.2)
  - React/jsinspector_legacy (0.52.2)
  - React/RCTActionSheet (0.52.2):
    - React/Core
  - React/RCTAnimation (0.52.2):
    - React/Core
  - React/RCTBlob (0.52.2):
    - React/Core
  - React/RCTGeolocation (0.52.2):
    - React/Core
  - React/RCTImage (0.52.2):
    - React/Core
    - React/RCTNetwork
  - React/RCTLinkingIOS (0.52.2):
    - React/Core
  - React/RCTNetwork (0.52.2):
    - React/Core
  - React/RCTPushNotification (0.52.2):
    - React/Core
  - React/RCTSettings (0.52.2):
    - React/Core
  - React/RCTText (0.52.2):
    - React/Core
  - React/RCTVibration (0.52.2):
    - React/Core
  - React/RCTWebSocket (0.52.2):
    - React/Core
    - React/fishhook
    - React/RCTBlob
  - RNDeviceInfo (0.21.5):
    - React
  - yoga (0.52.2.React)

DEPENDENCIES:
  - BVLinearGradient (from `../node_modules/react-native-linear-gradient`)
  - FBSDKCoreKit
  - FBSDKLoginKit
  - FBSDKShareKit
  - JCoreRN (from `../node_modules/jcore-react-native`)
  - JPushRN (from `../node_modules/jpush-react-native`)
  - lottie-ios (from `../node_modules/lottie-ios`)
  - lottie-react-native (from `../node_modules/lottie-react-native`)
  - react-native-splash-screen (from `../node_modules/react-native-splash-screen`)
  - React/ART (from `../node_modules/react-native`)
  - React/BatchedBridge (from `../node_modules/react-native`)
  - React/Core (from `../node_modules/react-native`)
  - React/DevSupport (from `../node_modules/react-native`)
  - React/RCTActionSheet (from `../node_modules/react-native`)
  - React/RCTAnimation (from `../node_modules/react-native`)
  - React/RCTBlob (from `../node_modules/react-native`)
  - React/RCTGeolocation (from `../node_modules/react-native`)
  - React/RCTImage (from `../node_modules/react-native`)
  - React/RCTLinkingIOS (from `../node_modules/react-native`)
  - React/RCTNetwork (from `../node_modules/react-native`)
  - React/RCTPushNotification (from `../node_modules/react-native`)
  - React/RCTSettings (from `../node_modules/react-native`)
  - React/RCTText (from `../node_modules/react-native`)
  - React/RCTVibration (from `../node_modules/react-native`)
  - React/RCTWebSocket (from `../node_modules/react-native`)
  - RNDeviceInfo (from `../node_modules/react-native-device-info`)
  - yoga (from `../node_modules/react-native/ReactCommon/yoga`)

EXTERNAL SOURCES:
  BVLinearGradient:
    :path: ../node_modules/react-native-linear-gradient
  JCoreRN:
    :path: ../node_modules/jcore-react-native
  JPushRN:
    :path: ../node_modules/jpush-react-native
  lottie-ios:
    :path: ../node_modules/lottie-ios
  lottie-react-native:
    :path: ../node_modules/lottie-react-native
  React:
    :path: ../node_modules/react-native
  react-native-splash-screen:
    :path: ../node_modules/react-native-splash-screen
  RNDeviceInfo:
    :path: ../node_modules/react-native-device-info
  yoga:
    :path: ../node_modules/react-native/ReactCommon/yoga

SPEC CHECKSUMS:
  Bolts: ac6567323eac61e203f6a9763667d0f711be34c8
  BVLinearGradient: 4b3f3bdf1ac1a52a5ef5e65c9585d793a7c3f825
  FBSDKCoreKit: 572b047a7e029bc44542bcf8a59414e7ff2b543e
  FBSDKLoginKit: 88cb456349cfb3b554427ce4f8b43729d85dfb40
  FBSDKShareKit: 1869cb24db2cea90666a50cb9d568deb38e2d16e
  JCoreRN: 5dff1e0264ee9fd57a0bc9b8cb2411b3c553e241
  JPushRN: bdaefc1f0442d90ef4035f47e29e4268ee6a11f2
  lottie-ios: 9f24be3ecb13412223b6ac70d97437742b0e3de1
  lottie-react-native: db4bd75685428c4ad0ec2f913145abff3d38b640
  React: 43e97926f429d846050880666de1809e22dd5cc5
  react-native-splash-screen: 8e3f866dc79bfe533baeffd0a38c33f7a7eae7f8
  RNDeviceInfo: 568c5641057313b4912d08a7742ff0b2f753ed5c
  yoga: 55da126afc384965b96bff46652464373b330add

PODFILE CHECKSUM: 05a798250fadd540a25b410f6524c4e26ecd2559

COCOAPODS: 1.4.0
