PODS:
  - AppCenter/Core (1.4.0)
  - AppCenter/Push (1.4.0):
    - AppCenter/Core
  - AppCenterReactNativeShared (1.3.0):
    - AppCenter/Core (= 1.4.0)

DEPENDENCIES:
  - AppCenter/Push (~> 1.4.0)
  - AppCenterReactNativeShared (~> 1.3.0)

SPEC CHECKSUMS:
  AppCenter: 2f5890b60944971b8c3767269a9d693205a91fef
  AppCenterReactNativeShared: 784f42fbb8f12c9bc587527a650c48d8f001295f

PODFILE CHECKSUM: 787c49b2e182fee5d1dc39960a1453431353fec8

COCOAPODS: 1.4.0
