PODS:
  - Bolts (1.9.0):
    - Bolts/AppLinks (= 1.9.0)
    - Bolts/Tasks (= 1.9.0)
  - Bolts/AppLinks (1.9.0):
    - Bolts/Tasks
  - Bolts/Tasks (1.9.0)
  - BVLinearGradient (2.5.6):
    - React
  - FBSDKCoreKit (4.38.0):
    - Bolts (~> 1.9)
  - FBSDKLoginKit (4.38.0):
    - FBSDKCoreKit
  - FBSDKShareKit (4.38.0):
    - FBSDKCoreKit
  - JAnalyticsRN (1.4.1):
    - React
  - JCoreRN (1.2.6):
    - React
  - JPushRN (2.2.13):
    - React
  - lottie-ios (2.5.0)
  - lottie-react-native (2.6.1):
    - lottie-ios (~> 2.5.0)
    - React
  - React (0.59.8):
    - React/Core (= 0.59.8)
  - react-native-fbsdk (0.8.0):
    - React
    - react-native-fbsdk/Core (= 0.8.0)
    - react-native-fbsdk/Login (= 0.8.0)
    - react-native-fbsdk/Share (= 0.8.0)
  - react-native-fbsdk/Core (0.8.0):
    - FBSDKCoreKit
    - React
  - react-native-fbsdk/Login (0.8.0):
    - FBSDKLoginKit
    - React
  - react-native-fbsdk/Share (0.8.0):
    - FBSDKShareKit
    - React
  - react-native-splash-screen (3.2.0):
    - React
  - react-native-webview (5.12.1):
    - React
  - React/ART (0.59.8):
    - React/Core
  - React/Core (0.59.8):
    - yoga (= 0.59.8.React)
  - React/DevSupport (0.59.8):
    - React/Core
    - React/RCTWebSocket
  - React/fishhook (0.59.8)
  - React/RCTActionSheet (0.59.8):
    - React/Core
  - React/RCTAnimation (0.59.8):
    - React/Core
  - React/RCTBlob (0.59.8):
    - React/Core
  - React/RCTGeolocation (0.59.8):
    - React/Core
  - React/RCTImage (0.59.8):
    - React/Core
    - React/RCTNetwork
  - React/RCTLinkingIOS (0.59.8):
    - React/Core
  - React/RCTNetwork (0.59.8):
    - React/Core
  - React/RCTPushNotification (0.59.8):
    - React/Core
  - React/RCTSettings (0.59.8):
    - React/Core
  - React/RCTText (0.59.8):
    - React/Core
  - React/RCTVibration (0.59.8):
    - React/Core
  - React/RCTWebSocket (0.59.8):
    - React/Core
    - React/fishhook
    - React/RCTBlob
  - RNCAsyncStorage (1.8.1):
    - React
  - RNDeviceInfo (0.21.5):
    - React
  - RNVectorIcons (6.6.0):
    - React
  - yoga (0.59.8.React)

DEPENDENCIES:
  - BVLinearGradient (from `../node_modules/react-native-linear-gradient`)
  - FBSDKCoreKit (= 4.38)
  - FBSDKLoginKit (= 4.38)
  - FBSDKShareKit (= 4.38)
  - JAnalyticsRN (from `../node_modules/janalytics-react-native`)
  - JCoreRN (from `../node_modules/jcore-react-native`)
  - JPushRN (from `../node_modules/jpush-react-native`)
  - lottie-ios (from `../node_modules/lottie-ios`)
  - lottie-react-native (from `../node_modules/lottie-react-native`)
  - react-native-fbsdk (from `../node_modules/react-native-fbsdk`)
  - react-native-splash-screen (from `../node_modules/react-native-splash-screen`)
  - react-native-webview (from `../node_modules/react-native-webview`)
  - React/ART (from `../node_modules/react-native`)
  - React/Core (from `../node_modules/react-native`)
  - React/DevSupport (from `../node_modules/react-native`)
  - React/RCTActionSheet (from `../node_modules/react-native`)
  - React/RCTAnimation (from `../node_modules/react-native`)
  - React/RCTBlob (from `../node_modules/react-native`)
  - React/RCTGeolocation (from `../node_modules/react-native`)
  - React/RCTImage (from `../node_modules/react-native`)
  - React/RCTLinkingIOS (from `../node_modules/react-native`)
  - React/RCTNetwork (from `../node_modules/react-native`)
  - React/RCTPushNotification (from `../node_modules/react-native`)
  - React/RCTSettings (from `../node_modules/react-native`)
  - React/RCTText (from `../node_modules/react-native`)
  - React/RCTVibration (from `../node_modules/react-native`)
  - React/RCTWebSocket (from `../node_modules/react-native`)
  - "RNCAsyncStorage (from `../node_modules/@react-native-community/async-storage`)"
  - RNDeviceInfo (from `../node_modules/react-native-device-info`)
  - RNVectorIcons (from `../node_modules/react-native-vector-icons`)
  - yoga (from `../node_modules/react-native/ReactCommon/yoga`)

SPEC REPOS:
  trunk:
    - Bolts
    - FBSDKCoreKit
    - FBSDKLoginKit
    - FBSDKShareKit

EXTERNAL SOURCES:
  BVLinearGradient:
    :path: "../node_modules/react-native-linear-gradient"
  JAnalyticsRN:
    :path: "../node_modules/janalytics-react-native"
  JCoreRN:
    :path: "../node_modules/jcore-react-native"
  JPushRN:
    :path: "../node_modules/jpush-react-native"
  lottie-ios:
    :path: "../node_modules/lottie-ios"
  lottie-react-native:
    :path: "../node_modules/lottie-react-native"
  React:
    :path: "../node_modules/react-native"
  react-native-fbsdk:
    :path: "../node_modules/react-native-fbsdk"
  react-native-splash-screen:
    :path: "../node_modules/react-native-splash-screen"
  react-native-webview:
    :path: "../node_modules/react-native-webview"
  RNCAsyncStorage:
    :path: "../node_modules/@react-native-community/async-storage"
  RNDeviceInfo:
    :path: "../node_modules/react-native-device-info"
  RNVectorIcons:
    :path: "../node_modules/react-native-vector-icons"
  yoga:
    :path: "../node_modules/react-native/ReactCommon/yoga"

SPEC CHECKSUMS:
  Bolts: ac6567323eac61e203f6a9763667d0f711be34c8
  BVLinearGradient: e3aad03778a456d77928f594a649e96995f1c872
  FBSDKCoreKit: 2ab7fdbf600dc6b628ba7a49aa29d357a7b4c74e
  FBSDKLoginKit: 634fa27e72e33620eb6389253337342c03d4a407
  FBSDKShareKit: 00290e3db446eed603ff80ac629dcc5e80cf8b74
  JAnalyticsRN: 8ba2df8248ea8c47f13b9d284bbf9216bfc11ee2
  JCoreRN: 29e55beacaedf2c3727d2f99759dbc8423756cfa
  JPushRN: 753a048baf20928acf98e7f82ba5fc4d0bbe0635
  lottie-ios: d699fdee68d7b63e721d949388b015fef1aaa4ac
  lottie-react-native: 3d8181d43619b1fe804c828bd5a09d20fe8bdea7
  React: 76e6aa2b87d05eb6cccb6926d72685c9a07df152
  react-native-fbsdk: 5c3ff4dda057e17d3b4b5491033fc653d423e71d
  react-native-splash-screen: 200d11d188e2e78cea3ad319964f6142b6384865
  react-native-webview: 21c396687cb983fadc6ccc0751cc74f554131f3f
  RNCAsyncStorage: 00bdf63f7f1e0f11d3323533dba4f222e58bf092
  RNDeviceInfo: e7c5fcde13d40e161d8a27f6c5dc69c638936002
  RNVectorIcons: 0bb4def82230be1333ddaeee9fcba45f0b288ed4
  yoga: 92b2102c3d373d1a790db4ab761d2b0ffc634f64

PODFILE CHECKSUM: d9767593b94c77c139c3162e7c5c47c78e96c2b7

COCOAPODS: 1.9.0
